
Microsoft Visual Studio Solution File, Format Version 12.00
# Visual Studio Version 16
VisualStudioVersion = 16.0.30413.136
MinimumVisualStudioVersion = 10.0.40219.1
Project("{FAE04EC0-301F-11D3-BF4B-00C04F79EFBC}") = "Juego_POO", "Juego_POO.csproj", "{CDF64C29-E69C-43B0-82B3-5C29485F784A}"
EndProject
Global
	GlobalSection(SolutionConfigurationPlatforms) = preSolution
		Debug|Any CPU = Debug|Any CPU
		Release|Any CPU = Release|Any CPU
	EndGlobalSection
	GlobalSection(ProjectConfigurationPlatforms) = postSolution
		{CDF64C29-E69C-43B0-82B3-5C29485F784A}.Debug|Any CPU.ActiveCfg = Debug|Any CPU
		{CDF64C29-E69C-43B0-82B3-5C29485F784A}.Debug|Any CPU.Build.0 = Debug|Any CPU
		{CDF64C29-E69C-43B0-82B3-5C29485F784A}.Release|Any CPU.ActiveCfg = Release|Any CPU
		{CDF64C29-E69C-43B0-82B3-5C29485F784A}.Release|Any CPU.Build.0 = Release|Any CPU
	EndGlobalSection
	GlobalSection(SolutionProperties) = preSolution
		HideSolutionNode = FALSE
	EndGlobalSection
	GlobalSection(ExtensibilityGlobals) = postSolution
		SolutionGuid = {49B03D5C-C599-4120-BC80-FDDA7D6DF96A}
	EndGlobalSection
EndGlobal
